
Microsoft Visual Studio Solution File, Format Version 12.00
# Visual Studio Version 16
VisualStudioVersion = 16.0.34114.132
MinimumVisualStudioVersion = 10.0.40219.1
Project("{9A19103F-16F7-4668-BE54-9A1E7A4F7556}") = "Snapp.Site", "Snapp.Site\Snapp.Site.csproj", "{D475E401-F183-4DB0-95EC-EB32B46EA986}"
EndProject
Project("{9A19103F-16F7-4668-BE54-9A1E7A4F7556}") = "Snapp.DataAccessLayer", "Snapp.DataAccessLayer\Snapp.DataAccessLayer.csproj", "{AA911496-F517-4E4B-85AD-E40A5789C65B}"
EndProject
Project("{9A19103F-16F7-4668-BE54-9A1E7A4F7556}") = "Snapp.Core", "Snapp.Core\Snapp.Core.csproj", "{4E7D8604-00D2-43DE-8250-A37D088F9EFB}"
EndProject
Global
	GlobalSection(SolutionConfigurationPlatforms) = preSolution
		Debug|Any CPU = Debug|Any CPU
		Release|Any CPU = Release|Any CPU
	EndGlobalSection
	GlobalSection(ProjectConfigurationPlatforms) = postSolution
		{D475E401-F183-4DB0-95EC-EB32B46EA986}.Debug|Any CPU.ActiveCfg = Debug|Any CPU
		{D475E401-F183-4DB0-95EC-EB32B46EA986}.Debug|Any CPU.Build.0 = Debug|Any CPU
		{D475E401-F183-4DB0-95EC-EB32B46EA986}.Release|Any CPU.ActiveCfg = Release|Any CPU
		{D475E401-F183-4DB0-95EC-EB32B46EA986}.Release|Any CPU.Build.0 = Release|Any CPU
		{AA911496-F517-4E4B-85AD-E40A5789C65B}.Debug|Any CPU.ActiveCfg = Debug|Any CPU
		{AA911496-F517-4E4B-85AD-E40A5789C65B}.Debug|Any CPU.Build.0 = Debug|Any CPU
		{AA911496-F517-4E4B-85AD-E40A5789C65B}.Release|Any CPU.ActiveCfg = Release|Any CPU
		{AA911496-F517-4E4B-85AD-E40A5789C65B}.Release|Any CPU.Build.0 = Release|Any CPU
		{4E7D8604-00D2-43DE-8250-A37D088F9EFB}.Debug|Any CPU.ActiveCfg = Debug|Any CPU
		{4E7D8604-00D2-43DE-8250-A37D088F9EFB}.Debug|Any CPU.Build.0 = Debug|Any CPU
		{4E7D8604-00D2-43DE-8250-A37D088F9EFB}.Release|Any CPU.ActiveCfg = Release|Any CPU
		{4E7D8604-00D2-43DE-8250-A37D088F9EFB}.Release|Any CPU.Build.0 = Release|Any CPU
	EndGlobalSection
	GlobalSection(SolutionProperties) = preSolution
		HideSolutionNode = FALSE
	EndGlobalSection
	GlobalSection(ExtensibilityGlobals) = postSolution
		SolutionGuid = {0B681B40-1FA2-40E7-883D-38E7EFF64CF5}
	EndGlobalSection
EndGlobal
